
Microsoft Visual Studio Solution File, Format Version 12.00
# Visual Studio Version 16
VisualStudioVersion = 16.0.31205.134
MinimumVisualStudioVersion = 10.0.40219.1
Project("{9A19103F-16F7-4668-BE54-9A1E7A4F7556}") = "CoWorkingAPI", "CoWorkingAPI.csproj", "{2D935DD9-2470-40F7-8B10-E92421321CA5}"
EndProject
Project("{2150E333-8FDC-42A3-9474-1A3956D46DE8}") = "1.Layers", "1.Layers", "{7B33B085-0525-4E51-A9CB-FECCF9DED7B3}"
EndProject
Project("{2150E333-8FDC-42A3-9474-1A3956D46DE8}") = "1.1Distributed services", "1.1Distributed services", "{2D576A5A-B1F5-4280-8EA4-3B8D5841483A}"
EndProject
Project("{2150E333-8FDC-42A3-9474-1A3956D46DE8}") = "1.2Aplication", "1.2Aplication", "{C06A44CC-1854-4869-BB72-ACB1FAE9CCFB}"
EndProject
Project("{2150E333-8FDC-42A3-9474-1A3956D46DE8}") = "1.3Business", "1.3Business", "{6AEB8071-4E79-4D32-B161-2F5AE62553CC}"
EndProject
Project("{2150E333-8FDC-42A3-9474-1A3956D46DE8}") = "1.4DataAccess", "1.4DataAccess", "{8234A547-18F0-485A-8E10-0084B058FE27}"
EndProject
Project("{2150E333-8FDC-42A3-9474-1A3956D46DE8}") = "1.5Cross-Cutting", "1.5Cross-Cutting", "{630B9DE7-2403-4B1D-8F88-5FE34B10F19C}"
EndProject
Project("{FAE04EC0-301F-11D3-BF4B-00C04F79EFBC}") = "Coworking.Api.Aplication", "..\Coworkinr\Coworking.Api.Aplication.csproj", "{2D9573C3-46B6-49C8-ACCF-A06C00453375}"
EndProject
Project("{FAE04EC0-301F-11D3-BF4B-00C04F79EFBC}") = "Coworking.Api.Business", "..\CoworkingApiBusiness\Coworking.Api.Business.csproj", "{3868C4FE-69A9-42F2-AB18-DC73CCA39D59}"
EndProject
Project("{FAE04EC0-301F-11D3-BF4B-00C04F79EFBC}") = "Coworking.Api.Aplication.Contracts", "..\Coworking.Api.Aplication.Contracts\Coworking.Api.Aplication.Contracts.csproj", "{D295C6CF-FEB2-4DB8-8E60-5439E165C6AD}"
EndProject
Project("{FAE04EC0-301F-11D3-BF4B-00C04F79EFBC}") = "Coworking.Api.DataAccess", "..\Coworking.Api.DataAccess\Coworking.Api.DataAccess.csproj", "{CB713F1E-3F03-4631-BD72-C751268E2A95}"
EndProject
Project("{FAE04EC0-301F-11D3-BF4B-00C04F79EFBC}") = "Coworking.Api.DataAccess.Contracts", "..\Coworking.Api.DataAccess.Contracts\Coworking.Api.DataAccess.Contracts.csproj", "{081F5424-6BC4-4E74-89E9-9B2B747DB990}"
EndProject
Project("{FAE04EC0-301F-11D3-BF4B-00C04F79EFBC}") = "Coworking.Api.CrossCutting", "..\Coworking.Api.CrossCutting\Coworking.Api.CrossCutting.csproj", "{3824F593-8C5C-4137-AD0D-B5616204A98E}"
EndProject
Global
	GlobalSection(SolutionConfigurationPlatforms) = preSolution
		Debug|Any CPU = Debug|Any CPU
		Release|Any CPU = Release|Any CPU
	EndGlobalSection
	GlobalSection(ProjectConfigurationPlatforms) = postSolution
		{2D935DD9-2470-40F7-8B10-E92421321CA5}.Debug|Any CPU.ActiveCfg = Debug|Any CPU
		{2D935DD9-2470-40F7-8B10-E92421321CA5}.Debug|Any CPU.Build.0 = Debug|Any CPU
		{2D935DD9-2470-40F7-8B10-E92421321CA5}.Release|Any CPU.ActiveCfg = Release|Any CPU
		{2D935DD9-2470-40F7-8B10-E92421321CA5}.Release|Any CPU.Build.0 = Release|Any CPU
		{2D9573C3-46B6-49C8-ACCF-A06C00453375}.Debug|Any CPU.ActiveCfg = Debug|Any CPU
		{2D9573C3-46B6-49C8-ACCF-A06C00453375}.Debug|Any CPU.Build.0 = Debug|Any CPU
		{2D9573C3-46B6-49C8-ACCF-A06C00453375}.Release|Any CPU.ActiveCfg = Release|Any CPU
		{2D9573C3-46B6-49C8-ACCF-A06C00453375}.Release|Any CPU.Build.0 = Release|Any CPU
		{3868C4FE-69A9-42F2-AB18-DC73CCA39D59}.Debug|Any CPU.ActiveCfg = Debug|Any CPU
		{3868C4FE-69A9-42F2-AB18-DC73CCA39D59}.Debug|Any CPU.Build.0 = Debug|Any CPU
		{3868C4FE-69A9-42F2-AB18-DC73CCA39D59}.Release|Any CPU.ActiveCfg = Release|Any CPU
		{3868C4FE-69A9-42F2-AB18-DC73CCA39D59}.Release|Any CPU.Build.0 = Release|Any CPU
		{D295C6CF-FEB2-4DB8-8E60-5439E165C6AD}.Debug|Any CPU.ActiveCfg = Debug|Any CPU
		{D295C6CF-FEB2-4DB8-8E60-5439E165C6AD}.Debug|Any CPU.Build.0 = Debug|Any CPU
		{D295C6CF-FEB2-4DB8-8E60-5439E165C6AD}.Release|Any CPU.ActiveCfg = Release|Any CPU
		{D295C6CF-FEB2-4DB8-8E60-5439E165C6AD}.Release|Any CPU.Build.0 = Release|Any CPU
		{CB713F1E-3F03-4631-BD72-C751268E2A95}.Debug|Any CPU.ActiveCfg = Debug|Any CPU
		{CB713F1E-3F03-4631-BD72-C751268E2A95}.Debug|Any CPU.Build.0 = Debug|Any CPU
		{CB713F1E-3F03-4631-BD72-C751268E2A95}.Release|Any CPU.ActiveCfg = Release|Any CPU
		{CB713F1E-3F03-4631-BD72-C751268E2A95}.Release|Any CPU.Build.0 = Release|Any CPU
		{081F5424-6BC4-4E74-89E9-9B2B747DB990}.Debug|Any CPU.ActiveCfg = Debug|Any CPU
		{081F5424-6BC4-4E74-89E9-9B2B747DB990}.Debug|Any CPU.Build.0 = Debug|Any CPU
		{081F5424-6BC4-4E74-89E9-9B2B747DB990}.Release|Any CPU.ActiveCfg = Release|Any CPU
		{081F5424-6BC4-4E74-89E9-9B2B747DB990}.Release|Any CPU.Build.0 = Release|Any CPU
		{3824F593-8C5C-4137-AD0D-B5616204A98E}.Debug|Any CPU.ActiveCfg = Debug|Any CPU
		{3824F593-8C5C-4137-AD0D-B5616204A98E}.Debug|Any CPU.Build.0 = Debug|Any CPU
		{3824F593-8C5C-4137-AD0D-B5616204A98E}.Release|Any CPU.ActiveCfg = Release|Any CPU
		{3824F593-8C5C-4137-AD0D-B5616204A98E}.Release|Any CPU.Build.0 = Release|Any CPU
	EndGlobalSection
	GlobalSection(SolutionProperties) = preSolution
		HideSolutionNode = FALSE
	EndGlobalSection
	GlobalSection(NestedProjects) = preSolution
		{2D935DD9-2470-40F7-8B10-E92421321CA5} = {2D576A5A-B1F5-4280-8EA4-3B8D5841483A}
		{2D576A5A-B1F5-4280-8EA4-3B8D5841483A} = {7B33B085-0525-4E51-A9CB-FECCF9DED7B3}
		{C06A44CC-1854-4869-BB72-ACB1FAE9CCFB} = {7B33B085-0525-4E51-A9CB-FECCF9DED7B3}
		{6AEB8071-4E79-4D32-B161-2F5AE62553CC} = {7B33B085-0525-4E51-A9CB-FECCF9DED7B3}
		{8234A547-18F0-485A-8E10-0084B058FE27} = {7B33B085-0525-4E51-A9CB-FECCF9DED7B3}
		{630B9DE7-2403-4B1D-8F88-5FE34B10F19C} = {7B33B085-0525-4E51-A9CB-FECCF9DED7B3}
		{2D9573C3-46B6-49C8-ACCF-A06C00453375} = {C06A44CC-1854-4869-BB72-ACB1FAE9CCFB}
		{3868C4FE-69A9-42F2-AB18-DC73CCA39D59} = {6AEB8071-4E79-4D32-B161-2F5AE62553CC}
		{D295C6CF-FEB2-4DB8-8E60-5439E165C6AD} = {C06A44CC-1854-4869-BB72-ACB1FAE9CCFB}
		{CB713F1E-3F03-4631-BD72-C751268E2A95} = {8234A547-18F0-485A-8E10-0084B058FE27}
		{081F5424-6BC4-4E74-89E9-9B2B747DB990} = {8234A547-18F0-485A-8E10-0084B058FE27}
		{3824F593-8C5C-4137-AD0D-B5616204A98E} = {630B9DE7-2403-4B1D-8F88-5FE34B10F19C}
	EndGlobalSection
	GlobalSection(ExtensibilityGlobals) = postSolution
		SolutionGuid = {F9B6F361-789E-4FCC-B285-218258FDF7EF}
	EndGlobalSection
EndGlobal
