
Microsoft Visual Studio Solution File, Format Version 12.00
# Visual Studio Version 17
VisualStudioVersion = 17.2.32616.157
MinimumVisualStudioVersion = 10.0.40219.1
Project("{9A19103F-16F7-4668-BE54-9A1E7A4F7556}") = "PharmacyBA", "PharmacyBA\PharmacyBA.csproj", "{046451CA-6332-407A-A6F4-60B947460ABE}"
EndProject
Project("{54A90642-561A-4BB1-A94E-469ADEE60C69}") = "PharmacyFR", "PharmacyFR\PharmacyFR.esproj", "{C242CE33-4831-4F89-81CB-707D310A3B4B}"
EndProject
Project("{FAE04EC0-301F-11D3-BF4B-00C04F79EFBC}") = "Pharmacy", "Pharmacy\Pharmacy.csproj", "{6E5A4315-60E6-4F50-84EF-3621A5DDF5F7}"
EndProject
Global
	GlobalSection(SolutionConfigurationPlatforms) = preSolution
		Debug|Any CPU = Debug|Any CPU
		Release|Any CPU = Release|Any CPU
	EndGlobalSection
	GlobalSection(ProjectConfigurationPlatforms) = postSolution
		{046451CA-6332-407A-A6F4-60B947460ABE}.Debug|Any CPU.ActiveCfg = Debug|Any CPU
		{046451CA-6332-407A-A6F4-60B947460ABE}.Debug|Any CPU.Build.0 = Debug|Any CPU
		{046451CA-6332-407A-A6F4-60B947460ABE}.Release|Any CPU.ActiveCfg = Release|Any CPU
		{046451CA-6332-407A-A6F4-60B947460ABE}.Release|Any CPU.Build.0 = Release|Any CPU
		{C242CE33-4831-4F89-81CB-707D310A3B4B}.Debug|Any CPU.ActiveCfg = Debug|Any CPU
		{C242CE33-4831-4F89-81CB-707D310A3B4B}.Debug|Any CPU.Build.0 = Debug|Any CPU
		{C242CE33-4831-4F89-81CB-707D310A3B4B}.Debug|Any CPU.Deploy.0 = Debug|Any CPU
		{C242CE33-4831-4F89-81CB-707D310A3B4B}.Release|Any CPU.ActiveCfg = Release|Any CPU
		{C242CE33-4831-4F89-81CB-707D310A3B4B}.Release|Any CPU.Build.0 = Release|Any CPU
		{C242CE33-4831-4F89-81CB-707D310A3B4B}.Release|Any CPU.Deploy.0 = Release|Any CPU
		{6E5A4315-60E6-4F50-84EF-3621A5DDF5F7}.Debug|Any CPU.ActiveCfg = Debug|Any CPU
		{6E5A4315-60E6-4F50-84EF-3621A5DDF5F7}.Debug|Any CPU.Build.0 = Debug|Any CPU
		{6E5A4315-60E6-4F50-84EF-3621A5DDF5F7}.Release|Any CPU.ActiveCfg = Release|Any CPU
		{6E5A4315-60E6-4F50-84EF-3621A5DDF5F7}.Release|Any CPU.Build.0 = Release|Any CPU
	EndGlobalSection
	GlobalSection(SolutionProperties) = preSolution
		HideSolutionNode = FALSE
	EndGlobalSection
	GlobalSection(ExtensibilityGlobals) = postSolution
		SolutionGuid = {0CEF770A-E50E-4409-AF87-98493679FC0A}
	EndGlobalSection
EndGlobal
