
Microsoft Visual Studio Solution File, Format Version 12.00
# Visual Studio Version 17
VisualStudioVersion = 17.2.32616.157
MinimumVisualStudioVersion = 10.0.40219.1
Project("{FAE04EC0-301F-11D3-BF4B-00C04F79EFBC}") = "PharmacyBA", "PharmacyBA\PharmacyBA.csproj", "{046451CA-6332-407A-A6F4-60B947460ABE}"
EndProject
Global
	GlobalSection(SolutionConfigurationPlatforms) = preSolution
		Debug|Any CPU = Debug|Any CPU
		Release|Any CPU = Release|Any CPU
	EndGlobalSection
	GlobalSection(ProjectConfigurationPlatforms) = postSolution
		{046451CA-6332-407A-A6F4-60B947460ABE}.Debug|Any CPU.ActiveCfg = Debug|Any CPU
		{046451CA-6332-407A-A6F4-60B947460ABE}.Debug|Any CPU.Build.0 = Debug|Any CPU
		{046451CA-6332-407A-A6F4-60B947460ABE}.Release|Any CPU.ActiveCfg = Release|Any CPU
		{046451CA-6332-407A-A6F4-60B947460ABE}.Release|Any CPU.Build.0 = Release|Any CPU
	EndGlobalSection
	GlobalSection(SolutionProperties) = preSolution
		HideSolutionNode = FALSE
	EndGlobalSection
	GlobalSection(ExtensibilityGlobals) = postSolution
		SolutionGuid = {0CEF770A-E50E-4409-AF87-98493679FC0A}
	EndGlobalSection
EndGlobal
