
Microsoft Visual Studio Solution File, Format Version 12.00
# Visual Studio Version 17
VisualStudioVersion = 17.3.32804.467
MinimumVisualStudioVersion = 10.0.40219.1
Project("{FAE04EC0-301F-11D3-BF4B-00C04F79EFBC}") = "NETCore_React", "NETCore_React.csproj", "{46BC6EBA-D544-4E1F-8BF7-C0CD2DB66909}"
EndProject
Global
	GlobalSection(SolutionConfigurationPlatforms) = preSolution
		Debug|Any CPU = Debug|Any CPU
		Release|Any CPU = Release|Any CPU
	EndGlobalSection
	GlobalSection(ProjectConfigurationPlatforms) = postSolution
		{46BC6EBA-D544-4E1F-8BF7-C0CD2DB66909}.Debug|Any CPU.ActiveCfg = Debug|Any CPU
		{46BC6EBA-D544-4E1F-8BF7-C0CD2DB66909}.Debug|Any CPU.Build.0 = Debug|Any CPU
		{46BC6EBA-D544-4E1F-8BF7-C0CD2DB66909}.Release|Any CPU.ActiveCfg = Release|Any CPU
		{46BC6EBA-D544-4E1F-8BF7-C0CD2DB66909}.Release|Any CPU.Build.0 = Release|Any CPU
	EndGlobalSection
	GlobalSection(SolutionProperties) = preSolution
		HideSolutionNode = FALSE
	EndGlobalSection
	GlobalSection(ExtensibilityGlobals) = postSolution
		SolutionGuid = {D1EDCCB6-0E37-4A00-9527-0BA25F686D4E}
	EndGlobalSection
EndGlobal
